
Microsoft Visual Studio Solution File, Format Version 12.00
# Visual Studio Version 17
VisualStudioVersion = 17.5.33516.290
MinimumVisualStudioVersion = 10.0.40219.1
Project("{9A19103F-16F7-4668-BE54-9A1E7A4F7556}") = "MagazynEduApp", "MagazynEduApp\MagazynEduApp.csproj", "{ABF325C6-94AA-4B9A-905C-12DB48C15211}"
EndProject
Project("{9A19103F-16F7-4668-BE54-9A1E7A4F7556}") = "MagazynEduApp.DataAccess", "MagazynEduApp.DataAccess\MagazynEduApp.DataAccess.csproj", "{B4A4647A-A05C-4A73-A266-030941342A1A}"
EndProject
Project("{FAE04EC0-301F-11D3-BF4B-00C04F79EFBC}") = "MagazynEduApp.ApplicationServices", "MagazynEduApp.ApplicationServices\MagazynEduApp.ApplicationServices.csproj", "{F2E5D47A-7C36-4E05-B34C-10C95CDEB2D0}"
EndProject
Global
	GlobalSection(SolutionConfigurationPlatforms) = preSolution
		Debug|Any CPU = Debug|Any CPU
		Release|Any CPU = Release|Any CPU
	EndGlobalSection
	GlobalSection(ProjectConfigurationPlatforms) = postSolution
		{ABF325C6-94AA-4B9A-905C-12DB48C15211}.Debug|Any CPU.ActiveCfg = Debug|Any CPU
		{ABF325C6-94AA-4B9A-905C-12DB48C15211}.Debug|Any CPU.Build.0 = Debug|Any CPU
		{ABF325C6-94AA-4B9A-905C-12DB48C15211}.Release|Any CPU.ActiveCfg = Release|Any CPU
		{ABF325C6-94AA-4B9A-905C-12DB48C15211}.Release|Any CPU.Build.0 = Release|Any CPU
		{B4A4647A-A05C-4A73-A266-030941342A1A}.Debug|Any CPU.ActiveCfg = Debug|Any CPU
		{B4A4647A-A05C-4A73-A266-030941342A1A}.Debug|Any CPU.Build.0 = Debug|Any CPU
		{B4A4647A-A05C-4A73-A266-030941342A1A}.Release|Any CPU.ActiveCfg = Release|Any CPU
		{B4A4647A-A05C-4A73-A266-030941342A1A}.Release|Any CPU.Build.0 = Release|Any CPU
		{F2E5D47A-7C36-4E05-B34C-10C95CDEB2D0}.Debug|Any CPU.ActiveCfg = Debug|Any CPU
		{F2E5D47A-7C36-4E05-B34C-10C95CDEB2D0}.Debug|Any CPU.Build.0 = Debug|Any CPU
		{F2E5D47A-7C36-4E05-B34C-10C95CDEB2D0}.Release|Any CPU.ActiveCfg = Release|Any CPU
		{F2E5D47A-7C36-4E05-B34C-10C95CDEB2D0}.Release|Any CPU.Build.0 = Release|Any CPU
	EndGlobalSection
	GlobalSection(SolutionProperties) = preSolution
		HideSolutionNode = FALSE
	EndGlobalSection
	GlobalSection(ExtensibilityGlobals) = postSolution
		SolutionGuid = {A2465849-FF8E-4B0C-8DD6-AD30EF0AE322}
	EndGlobalSection
EndGlobal
